
Microsoft Visual Studio Solution File, Format Version 12.00
# Visual Studio 2012
Project("{8BC9CEB8-8B4A-11D0-8D11-00A0C91BC942}") = "LinkedListDemo", "LinkedListDemo\LinkedListDemo.vcxproj", "{AB27B29D-8F59-41BA-B579-422C589D34F4}"
EndProject
Global
	GlobalSection(SolutionConfigurationPlatforms) = preSolution
		Debug|Win32 = Debug|Win32
		Release|Win32 = Release|Win32
	EndGlobalSection
	GlobalSection(ProjectConfigurationPlatforms) = postSolution
		{AB27B29D-8F59-41BA-B579-422C589D34F4}.Debug|Win32.ActiveCfg = Debug|Win32
		{AB27B29D-8F59-41BA-B579-422C589D34F4}.Debug|Win32.Build.0 = Debug|Win32
		{AB27B29D-8F59-41BA-B579-422C589D34F4}.Release|Win32.ActiveCfg = Release|Win32
		{AB27B29D-8F59-41BA-B579-422C589D34F4}.Release|Win32.Build.0 = Release|Win32
	EndGlobalSection
	GlobalSection(SolutionProperties) = preSolution
		HideSolutionNode = FALSE
	EndGlobalSection
EndGlobal
